
Microsoft Visual Studio Solution File, Format Version 12.00
# Visual Studio 2012
Project("{FAE04EC0-301F-11D3-BF4B-00C04F79EFBC}") = "LogicFindRoot", "LogicFindRoot\LogicFindRoot.csproj", "{37A35BE6-86CC-4759-989F-CE8A0A2F5F11}"
EndProject
Project("{FAE04EC0-301F-11D3-BF4B-00C04F79EFBC}") = "FindRoot.NUnit.Tests", "FindRoot.NUnit.Tests\FindRoot.NUnit.Tests.csproj", "{21CDF9B3-56A5-4FC8-BC46-F79480386BAA}"
EndProject
Global
	GlobalSection(SolutionConfigurationPlatforms) = preSolution
		Debug|Any CPU = Debug|Any CPU
		Release|Any CPU = Release|Any CPU
	EndGlobalSection
	GlobalSection(ProjectConfigurationPlatforms) = postSolution
		{37A35BE6-86CC-4759-989F-CE8A0A2F5F11}.Debug|Any CPU.ActiveCfg = Debug|Any CPU
		{37A35BE6-86CC-4759-989F-CE8A0A2F5F11}.Debug|Any CPU.Build.0 = Debug|Any CPU
		{37A35BE6-86CC-4759-989F-CE8A0A2F5F11}.Release|Any CPU.ActiveCfg = Release|Any CPU
		{37A35BE6-86CC-4759-989F-CE8A0A2F5F11}.Release|Any CPU.Build.0 = Release|Any CPU
		{21CDF9B3-56A5-4FC8-BC46-F79480386BAA}.Debug|Any CPU.ActiveCfg = Debug|Any CPU
		{21CDF9B3-56A5-4FC8-BC46-F79480386BAA}.Debug|Any CPU.Build.0 = Debug|Any CPU
		{21CDF9B3-56A5-4FC8-BC46-F79480386BAA}.Release|Any CPU.ActiveCfg = Release|Any CPU
		{21CDF9B3-56A5-4FC8-BC46-F79480386BAA}.Release|Any CPU.Build.0 = Release|Any CPU
	EndGlobalSection
EndGlobal
